
Microsoft Visual Studio Solution File, Format Version 12.00
# Visual Studio 15
VisualStudioVersion = 15.0.26403.7
MinimumVisualStudioVersion = 10.0.40219.1
Project("{FAE04EC0-301F-11D3-BF4B-00C04F79EFBC}") = "RandREng.Utilities.Logger", ".\Logging\RandREng.Utilities.Logger.csproj", "{7F8B6717-9183-485D-832F-B817C1C7BA91}"
EndProject
Project("{FAE04EC0-301F-11D3-BF4B-00C04F79EFBC}") = "ConsoleApp1", ".\ConsoleApp1\ConsoleApp1.csproj", "{435F3BE5-85F2-4A87-BE4F-F8FF54BA8F66}"
EndProject
Project("{FAE04EC0-301F-11D3-BF4B-00C04F79EFBC}") = "ConsoleLogger", ".\ConsoleLogger\ConsoleLogger.csproj", "{E1105D83-152B-4E78-A240-55B7B728DB59}"
EndProject
Global
	GlobalSection(SolutionConfigurationPlatforms) = preSolution
		Debug|Any CPU = Debug|Any CPU
		Release|Any CPU = Release|Any CPU
	EndGlobalSection
	GlobalSection(ProjectConfigurationPlatforms) = postSolution
		{7F8B6717-9183-485D-832F-B817C1C7BA91}.Debug|Any CPU.ActiveCfg = Debug|Any CPU
		{7F8B6717-9183-485D-832F-B817C1C7BA91}.Debug|Any CPU.Build.0 = Debug|Any CPU
		{7F8B6717-9183-485D-832F-B817C1C7BA91}.Release|Any CPU.ActiveCfg = Release|Any CPU
		{7F8B6717-9183-485D-832F-B817C1C7BA91}.Release|Any CPU.Build.0 = Release|Any CPU
		{435F3BE5-85F2-4A87-BE4F-F8FF54BA8F66}.Debug|Any CPU.ActiveCfg = Debug|Any CPU
		{435F3BE5-85F2-4A87-BE4F-F8FF54BA8F66}.Debug|Any CPU.Build.0 = Debug|Any CPU
		{435F3BE5-85F2-4A87-BE4F-F8FF54BA8F66}.Release|Any CPU.ActiveCfg = Release|Any CPU
		{435F3BE5-85F2-4A87-BE4F-F8FF54BA8F66}.Release|Any CPU.Build.0 = Release|Any CPU
		{E1105D83-152B-4E78-A240-55B7B728DB59}.Debug|Any CPU.ActiveCfg = Debug|Any CPU
		{E1105D83-152B-4E78-A240-55B7B728DB59}.Debug|Any CPU.Build.0 = Debug|Any CPU
		{E1105D83-152B-4E78-A240-55B7B728DB59}.Release|Any CPU.ActiveCfg = Release|Any CPU
		{E1105D83-152B-4E78-A240-55B7B728DB59}.Release|Any CPU.Build.0 = Release|Any CPU
	EndGlobalSection
	GlobalSection(SolutionProperties) = preSolution
		HideSolutionNode = FALSE
	EndGlobalSection
EndGlobal
